
Microsoft Visual Studio Solution File, Format Version 12.00
# Visual Studio 14
VisualStudioVersion = 14.0.24720.0
MinimumVisualStudioVersion = 10.0.40219.1
Project("{FAE04EC0-301F-11D3-BF4B-00C04F79EFBC}") = "AcessoDados", "AcessoDados\AcessoDados.csproj", "{F01BDFEC-90E2-4B24-9CD0-C7667BCF83D1}"
EndProject
Project("{FAE04EC0-301F-11D3-BF4B-00C04F79EFBC}") = "Negocio", "Negocio\Negocio.csproj", "{20680060-B8D0-4A2F-BC9C-56ABBD075A11}"
EndProject
Project("{FAE04EC0-301F-11D3-BF4B-00C04F79EFBC}") = "Apresentacao", "Apresentacao\Apresentacao.csproj", "{BD42A668-39B5-425B-98DC-CA58EC1D67E8}"
EndProject
Project("{FAE04EC0-301F-11D3-BF4B-00C04F79EFBC}") = "ObjTransferencia", "ObjTransferencia\ObjTransferencia.csproj", "{0FFA750E-EF73-4664-ACDD-361A86B54D1F}"
EndProject
Global
	GlobalSection(SolutionConfigurationPlatforms) = preSolution
		Debug|Any CPU = Debug|Any CPU
		Release|Any CPU = Release|Any CPU
	EndGlobalSection
	GlobalSection(ProjectConfigurationPlatforms) = postSolution
		{F01BDFEC-90E2-4B24-9CD0-C7667BCF83D1}.Debug|Any CPU.ActiveCfg = Debug|Any CPU
		{F01BDFEC-90E2-4B24-9CD0-C7667BCF83D1}.Debug|Any CPU.Build.0 = Debug|Any CPU
		{F01BDFEC-90E2-4B24-9CD0-C7667BCF83D1}.Release|Any CPU.ActiveCfg = Release|Any CPU
		{F01BDFEC-90E2-4B24-9CD0-C7667BCF83D1}.Release|Any CPU.Build.0 = Release|Any CPU
		{20680060-B8D0-4A2F-BC9C-56ABBD075A11}.Debug|Any CPU.ActiveCfg = Debug|Any CPU
		{20680060-B8D0-4A2F-BC9C-56ABBD075A11}.Debug|Any CPU.Build.0 = Debug|Any CPU
		{20680060-B8D0-4A2F-BC9C-56ABBD075A11}.Release|Any CPU.ActiveCfg = Release|Any CPU
		{20680060-B8D0-4A2F-BC9C-56ABBD075A11}.Release|Any CPU.Build.0 = Release|Any CPU
		{BD42A668-39B5-425B-98DC-CA58EC1D67E8}.Debug|Any CPU.ActiveCfg = Debug|Any CPU
		{BD42A668-39B5-425B-98DC-CA58EC1D67E8}.Debug|Any CPU.Build.0 = Debug|Any CPU
		{BD42A668-39B5-425B-98DC-CA58EC1D67E8}.Release|Any CPU.ActiveCfg = Release|Any CPU
		{BD42A668-39B5-425B-98DC-CA58EC1D67E8}.Release|Any CPU.Build.0 = Release|Any CPU
		{0FFA750E-EF73-4664-ACDD-361A86B54D1F}.Debug|Any CPU.ActiveCfg = Debug|Any CPU
		{0FFA750E-EF73-4664-ACDD-361A86B54D1F}.Debug|Any CPU.Build.0 = Debug|Any CPU
		{0FFA750E-EF73-4664-ACDD-361A86B54D1F}.Release|Any CPU.ActiveCfg = Release|Any CPU
		{0FFA750E-EF73-4664-ACDD-361A86B54D1F}.Release|Any CPU.Build.0 = Release|Any CPU
	EndGlobalSection
	GlobalSection(SolutionProperties) = preSolution
		HideSolutionNode = FALSE
	EndGlobalSection
EndGlobal
